<?xml version="1.0" encoding="utf-8"?>
<Project ToolsVersion="4.0" xmlns="http://schemas.microsoft.com/developer/msbuild/2003">
  <ItemGroup>
    <Filter Include="Source Files">
      <UniqueIdentifier>{4FC737F1-C7A5-4376-A066-2A32D752A2FF}</UniqueIdentifier>
      <Extensions>cpp;c;cc;cxx</Extensions>
    </Filter>
    <Filter Include="Header Files">
      <UniqueIdentifier>{93995380-89BD-4b04-88EB-625FBE52EBFB}</UniqueIdentifier>
      <Extensions>h;hh;hpp;hxx</Extensions>
    </Filter>
  </ItemGroup>
  <ItemGroup>
    <ClInclude Include="Common.h">
      <Filter>Header Files</Filter>
    </ClInclude>
    <ClInclude Include="D3D12Device.h">
      <Filter>Header Files</Filter>
    </ClInclude>
    <ClInclude Include="MeshLoader.h">
      <Filter>Header Files</Filter>
    </ClInclude>
    <ClInclude Include="TextureLoader.h">
      <Filter>Header Files</Filter>
    </ClInclude>
    <ClInclude Include="ImGuiDx12.h">
      <Filter>Header Files</Filter>
    </ClInclude>
    <ClInclude Include="DebugDraw.h">
      <Filter>Subsystems</Filter>
    </ClInclude>
    <ClInclude Include="Thumbnail.h">
      <Filter>Subsystems</Filter>
    </ClInclude>
    <ClInclude Include="Ddgi.h">
      <Filter>Subsystems</Filter>
    </ClInclude>
    <ClInclude Include="PostFX.h">
      <Filter>Subsystems</Filter>
    </ClInclude>
    <ClInclude Include="FlyCamera.h">
      <Filter>Subsystems</Filter>
    </ClInclude>
    <ClInclude Include="ModelScene.h">
      <Filter>Subsystems</Filter>
    </ClInclude>
    <ClInclude Include="EditorWindow.h">
      <Filter>Editor</Filter>
    </ClInclude>
    <ClInclude Include="EditorWindows.h">
      <Filter>Editor</Filter>
    </ClInclude>
    <ClInclude Include="EditorManager.h">
      <Filter>Editor</Filter>
    </ClInclude>
    <ClInclude Include="Define.h">
      <Filter>Core</Filter>
    </ClInclude>
    <ClInclude Include="Component.h">
      <Filter>Core</Filter>
    </ClInclude>
    <ClInclude Include="Transform.h">
      <Filter>Core</Filter>
    </ClInclude>
    <ClInclude Include="GameObject.h">
      <Filter>Core</Filter>
    </ClInclude>
    <ClInclude Include="Scene.h">
      <Filter>Core</Filter>
    </ClInclude>
    <ClInclude Include="SceneManager.h">
      <Filter>Core</Filter>
    </ClInclude>
    <ClInclude Include="Renderer.h">
      <Filter>Core</Filter>
    </ClInclude>
    <ClInclude Include="ModelRenderer.h">
      <Filter>Core</Filter>
    </ClInclude>
    <ClInclude Include="Camera.h">
      <Filter>Core</Filter>
    </ClInclude>
    <ClInclude Include="MeshRenderer.h">
      <Filter>Core</Filter>
    </ClInclude>
    <ClInclude Include="Collider.h">
      <Filter>Core</Filter>
    </ClInclude>
    <ClInclude Include="ParticleSystem.h">
      <Filter>Core</Filter>
    </ClInclude>
    <ClInclude Include="ModelAnimator.h">
      <Filter>Core</Filter>
    </ClInclude>
    <ClInclude Include="SkyRenderer.h">
      <Filter>Core</Filter>
    </ClInclude>
    <ClInclude Include="GridRenderer.h">
      <Filter>Core</Filter>
    </ClInclude>
    <ClInclude Include="Light.h">
      <Filter>Core</Filter>
    </ClInclude>
    <ClInclude Include="Terrain.h">
      <Filter>Core</Filter>
    </ClInclude>
    <ClInclude Include="TimeManager.h">
      <Filter>Core</Filter>
    </ClInclude>
    <ClInclude Include="InputManager.h">
      <Filter>Core</Filter>
    </ClInclude>
    <ClInclude Include="ResourceManager.h">
      <Filter>Core</Filter>
    </ClInclude>
    <ClInclude Include="ImGuiManager.h">
      <Filter>Core</Filter>
    </ClInclude>
    <ClInclude Include="MonoBehaviour.h">
      <Filter>Core</Filter>
    </ClInclude>
    <ClInclude Include="Material.h">
      <Filter>Core</Filter>
    </ClInclude>
    <ClInclude Include="Mesh.h">
      <Filter>Core</Filter>
    </ClInclude>
    <ClInclude Include="GeometryHelper.h">
      <Filter>Core</Filter>
    </ClInclude>
    <ClInclude Include="Frustum.h">
      <Filter>Core</Filter>
    </ClInclude>
    <ClInclude Include="RenderContext.h">
      <Filter>Core</Filter>
    </ClInclude>
  </ItemGroup>
  <ItemGroup>
    <Filter Include="ImGui">
      <UniqueIdentifier>{a1b2c3d4-0001-4002-8003-00040005e006}</UniqueIdentifier>
    </Filter>
    <Filter Include="Subsystems">
      <UniqueIdentifier>{a1b2c3d4-0002-4002-8003-00040005e007}</UniqueIdentifier>
    </Filter>
    <Filter Include="Editor">
      <UniqueIdentifier>{a1b2c3d4-0003-4002-8003-00040005e008}</UniqueIdentifier>
    </Filter>
    <Filter Include="Core">
      <UniqueIdentifier>{a1b2c3d4-0004-4002-8003-00040005e009}</UniqueIdentifier>
    </Filter>
    <ClCompile Include="Component.cpp">
      <Filter>Core</Filter>
    </ClCompile>
    <ClCompile Include="Transform.cpp">
      <Filter>Core</Filter>
    </ClCompile>
    <ClCompile Include="GameObject.cpp">
      <Filter>Core</Filter>
    </ClCompile>
    <ClCompile Include="Scene.cpp">
      <Filter>Core</Filter>
    </ClCompile>
    <ClCompile Include="Renderer.cpp">
      <Filter>Core</Filter>
    </ClCompile>
    <ClCompile Include="ModelRenderer.cpp">
      <Filter>Core</Filter>
    </ClCompile>
    <ClCompile Include="ModelAnimator.cpp">
      <Filter>Core</Filter>
    </ClCompile>
    <ClCompile Include="MeshRenderer.cpp">
      <Filter>Core</Filter>
    </ClCompile>
    <ClCompile Include="Camera.cpp">
      <Filter>Core</Filter>
    </ClCompile>
    <ClCompile Include="Frustum.cpp">
      <Filter>Core</Filter>
    </ClCompile>
    <ClCompile Include="Mesh.cpp">
      <Filter>Core</Filter>
    </ClCompile>
    <ClCompile Include="SkyRenderer.cpp">
      <Filter>Core</Filter>
    </ClCompile>
    <ClCompile Include="GridRenderer.cpp">
      <Filter>Core</Filter>
    </ClCompile>
    <ClCompile Include="EditorManager.cpp">
      <Filter>Editor</Filter>
    </ClCompile>
    <ClCompile Include="DebugDraw.cpp">
      <Filter>Subsystems</Filter>
    </ClCompile>
    <ClCompile Include="Thumbnail.cpp">
      <Filter>Subsystems</Filter>
    </ClCompile>
    <ClCompile Include="Ddgi.cpp">
      <Filter>Subsystems</Filter>
    </ClCompile>
    <ClCompile Include="PostFX.cpp">
      <Filter>Subsystems</Filter>
    </ClCompile>
    <ClCompile Include="FlyCamera.cpp">
      <Filter>Subsystems</Filter>
    </ClCompile>
    <ClCompile Include="D3D12Device.cpp">
      <Filter>Source Files</Filter>
    </ClCompile>
    <ClCompile Include="D3D12Render.cpp">
      <Filter>Source Files</Filter>
    </ClCompile>
    <ClCompile Include="D3D12Scene.cpp">
      <Filter>Source Files</Filter>
    </ClCompile>
    <ClCompile Include="D3D12Editor.cpp">
      <Filter>Editor</Filter>
    </ClCompile>
    <ClCompile Include="ImGuiDx12.cpp">
      <Filter>Source Files</Filter>
    </ClCompile>
    <ClCompile Include="main.cpp">
      <Filter>Source Files</Filter>
    </ClCompile>
    <ClCompile Include="..\Engine\imgui.cpp">
      <Filter>ImGui</Filter>
    </ClCompile>
    <ClCompile Include="..\Engine\imgui_draw.cpp">
      <Filter>ImGui</Filter>
    </ClCompile>
    <ClCompile Include="..\Engine\imgui_tables.cpp">
      <Filter>ImGui</Filter>
    </ClCompile>
    <ClCompile Include="..\Engine\imgui_widgets.cpp">
      <Filter>ImGui</Filter>
    </ClCompile>
    <ClCompile Include="..\Engine\imgui_impl_win32.cpp">
      <Filter>ImGui</Filter>
    </ClCompile>
    <ClCompile Include="..\Engine\ImGuizmo.cpp">
      <Filter>ImGui</Filter>
    </ClCompile>
  </ItemGroup>
</Project>
