<?xml version="1.0" encoding="utf-8"?>
<Project ToolsVersion="4.0" xmlns="http://schemas.microsoft.com/developer/msbuild/2003">
  <ItemGroup>
    <Filter Include="Main">
      <UniqueIdentifier>{a03f3678-13f0-42b3-b377-8022b469c0ef}</UniqueIdentifier>
    </Filter>
    <Filter Include="Shaders">
      <UniqueIdentifier>{c9d5571a-f8b3-4f28-afb1-70ed2c58ad63}</UniqueIdentifier>
    </Filter>
    <Filter Include="Shaders\Common">
      <UniqueIdentifier>{7b1582b7-a3f2-4e73-8014-8c02deea710b}</UniqueIdentifier>
    </Filter>
    <Filter Include="EditorTools">
      <UniqueIdentifier>{9996f4d4-0076-4fd6-904d-2b122030ca01}</UniqueIdentifier>
    </Filter>
    <Filter Include="Utils">
      <UniqueIdentifier>{d303939b-6cec-4341-94f0-8cbe00bac0ae}</UniqueIdentifier>
    </Filter>
    <Filter Include="EditorWindow">
      <UniqueIdentifier>{6e352df7-37ac-4a6b-b2d8-3f1a946d9629}</UniqueIdentifier>
    </Filter>
    <Filter Include="MenuBar">
      <UniqueIdentifier>{069158d8-2562-423f-a313-f18848569b4c}</UniqueIdentifier>
    </Filter>
    <Filter Include="Components">
      <UniqueIdentifier>{d427a921-5a52-46e1-96b8-e9a6786881c0}</UniqueIdentifier>
    </Filter>
    <Filter Include="Shaders\Contents">
      <UniqueIdentifier>{2d1ecde8-e453-48bc-acd7-0b8e97c6c24b}</UniqueIdentifier>
    </Filter>
    <Filter Include="Textures">
      <UniqueIdentifier>{bef55cdc-bbca-4aa6-b60f-7cdea1846f07}</UniqueIdentifier>
    </Filter>
    <Filter Include="Managers">
      <UniqueIdentifier>{72b3cb0f-be3a-416a-a8aa-ee913991e35e}</UniqueIdentifier>
    </Filter>
  </ItemGroup>
  <ItemGroup>
    <ClInclude Include="pch.h">
      <Filter>Main</Filter>
    </ClInclude>
    <ClInclude Include="Main.h">
      <Filter>Main</Filter>
    </ClInclude>
    <ClInclude Include="SceneCamera.h" />
    <ClInclude Include="SceneDemo.h">
      <Filter>EditorTools</Filter>
    </ClInclude>
    <ClInclude Include="EditorTool.h">
      <Filter>EditorTools</Filter>
    </ClInclude>
    <ClInclude Include="Inspector.h">
      <Filter>EditorWindow</Filter>
    </ClInclude>
    <ClInclude Include="Hiearchy.h">
      <Filter>EditorWindow</Filter>
    </ClInclude>
    <ClInclude Include="Define.h">
      <Filter>Utils</Filter>
    </ClInclude>
    <ClInclude Include="EditorWindow.h">
      <Filter>EditorWindow</Filter>
    </ClInclude>
    <ClInclude Include="MainMenuBar.h">
      <Filter>EditorWindow</Filter>
    </ClInclude>
    <ClInclude Include="GameEditorWindow.h">
      <Filter>EditorWindow</Filter>
    </ClInclude>
    <ClInclude Include="Project.h">
      <Filter>EditorWindow</Filter>
    </ClInclude>
    <ClInclude Include="LogWindow.h">
      <Filter>EditorWindow</Filter>
    </ClInclude>
    <ClInclude Include="SceneGrid.h" />
    <ClInclude Include="AsConverter.h">
      <Filter>Utils</Filter>
    </ClInclude>
    <ClInclude Include="AsType.h">
      <Filter>Utils</Filter>
    </ClInclude>
    <ClInclude Include="SceneWindow.h">
      <Filter>EditorWindow</Filter>
    </ClInclude>
    <ClInclude Include="FolderContents.h">
      <Filter>EditorWindow</Filter>
    </ClInclude>
    <ClInclude Include="ShortcutManager.h">
      <Filter>Managers</Filter>
    </ClInclude>
    <ClInclude Include="EditorToolManager.h">
      <Filter>Managers</Filter>
    </ClInclude>
    <ClInclude Include="Ssao.h">
      <Filter>Textures</Filter>
    </ClInclude>
    <ClInclude Include="TextureRenderer.h">
      <Filter>Textures</Filter>
    </ClInclude>
    <ClInclude Include="TextureManager.h">
      <Filter>Managers</Filter>
    </ClInclude>
    <ClInclude Include="ShadowMap.h">
      <Filter>Textures</Filter>
    </ClInclude>
    <ClInclude Include="MeshThumbnail.h">
      <Filter>Textures</Filter>
    </ClInclude>
    <ClInclude Include="SimpleGrid.h">
      <Filter>Components</Filter>
    </ClInclude>
    <ClInclude Include="ParticleSystem.h">
      <Filter>Components</Filter>
    </ClInclude>
    <ClInclude Include="Effects.h">
      <Filter>Components</Filter>
    </ClInclude>
  </ItemGroup>
  <ItemGroup>
    <ClCompile Include="pch.cpp">
      <Filter>Main</Filter>
    </ClCompile>
    <ClCompile Include="Main.cpp">
      <Filter>Main</Filter>
    </ClCompile>
    <ClCompile Include="SceneCamera.cpp" />
    <ClCompile Include="SceneDemo.cpp">
      <Filter>EditorTools</Filter>
    </ClCompile>
    <ClCompile Include="EditorTool.cpp">
      <Filter>EditorTools</Filter>
    </ClCompile>
    <ClCompile Include="Inspector.cpp">
      <Filter>EditorWindow</Filter>
    </ClCompile>
    <ClCompile Include="Hiearchy.cpp">
      <Filter>EditorWindow</Filter>
    </ClCompile>
    <ClCompile Include="EditorWindow.cpp">
      <Filter>EditorWindow</Filter>
    </ClCompile>
    <ClCompile Include="MainMenuBar.cpp">
      <Filter>EditorWindow</Filter>
    </ClCompile>
    <ClCompile Include="GameEditorWindow.cpp">
      <Filter>EditorWindow</Filter>
    </ClCompile>
    <ClCompile Include="Project.cpp">
      <Filter>EditorWindow</Filter>
    </ClCompile>
    <ClCompile Include="LogWindow.cpp">
      <Filter>EditorWindow</Filter>
    </ClCompile>
    <ClCompile Include="SceneGrid.cpp" />
    <ClCompile Include="AsConverter.cpp">
      <Filter>Utils</Filter>
    </ClCompile>
    <ClCompile Include="AsType.cpp">
      <Filter>Utils</Filter>
    </ClCompile>
    <ClCompile Include="SceneWindow.cpp">
      <Filter>EditorWindow</Filter>
    </ClCompile>
    <ClCompile Include="FolderContents.cpp">
      <Filter>EditorWindow</Filter>
    </ClCompile>
    <ClCompile Include="EditorToolManager.cpp">
      <Filter>Managers</Filter>
    </ClCompile>
    <ClCompile Include="ShortcutManager.cpp">
      <Filter>Managers</Filter>
    </ClCompile>
    <ClCompile Include="Ssao.cpp">
      <Filter>Textures</Filter>
    </ClCompile>
    <ClCompile Include="TextureRenderer.cpp">
      <Filter>Textures</Filter>
    </ClCompile>
    <ClCompile Include="TextureManager.cpp">
      <Filter>Managers</Filter>
    </ClCompile>
    <ClCompile Include="ShadowMap.cpp">
      <Filter>Textures</Filter>
    </ClCompile>
    <ClCompile Include="MeshThumbnail.cpp">
      <Filter>Textures</Filter>
    </ClCompile>
    <ClCompile Include="SimpleGrid.cpp">
      <Filter>Components</Filter>
    </ClCompile>
    <ClCompile Include="ParticleSystem.cpp">
      <Filter>Components</Filter>
    </ClCompile>
    <ClCompile Include="Effects.cpp">
      <Filter>Components</Filter>
    </ClCompile>
  </ItemGroup>
  <ItemGroup>
    <FxCompile Include="..\Shaders\24. RawBufferDemo.fx">
      <Filter>Shaders</Filter>
    </FxCompile>
    <FxCompile Include="..\Shaders\25. GroupDemo.fx">
      <Filter>Shaders</Filter>
    </FxCompile>
    <FxCompile Include="..\Shaders\26. TextureBufferDemo.fx">
      <Filter>Shaders</Filter>
    </FxCompile>
    <FxCompile Include="..\Shaders\27. StructuredBufferDemo.fx">
      <Filter>Shaders</Filter>
    </FxCompile>
    <FxCompile Include="..\Shaders\28. BillBoardDemo.fx">
      <Filter>Shaders</Filter>
    </FxCompile>
    <FxCompile Include="..\Shaders\29. SnowDemo.fx">
      <Filter>Shaders</Filter>
    </FxCompile>
    <FxCompile Include="..\Shaders\00. Render.fx">
      <Filter>Shaders\Common</Filter>
    </FxCompile>
    <FxCompile Include="..\Shaders\00. Global.fx">
      <Filter>Shaders\Common</Filter>
    </FxCompile>
    <FxCompile Include="..\Shaders\00. Light.fx">
      <Filter>Shaders\Common</Filter>
    </FxCompile>
    <FxCompile Include="..\Shaders\01. Standard.fx">
      <Filter>Shaders\Contents</Filter>
    </FxCompile>
    <FxCompile Include="..\Shaders\01. Collider.fx">
      <Filter>Shaders\Contents</Filter>
    </FxCompile>
    <FxCompile Include="..\Shaders\01. SceneGrid.fx">
      <Filter>Shaders\Contents</Filter>
    </FxCompile>
    <FxCompile Include="..\Shaders\01. CubeMap.fx">
      <Filter>Shaders\Contents</Filter>
    </FxCompile>
    <FxCompile Include="..\Shaders\01. Sky.fx">
      <Filter>Shaders\Contents</Filter>
    </FxCompile>
    <FxCompile Include="..\Shaders\01. DebugTexture.fx">
      <Filter>Shaders\Contents</Filter>
    </FxCompile>
    <FxCompile Include="..\Shaders\01. Outline.fx">
      <Filter>Shaders\Contents</Filter>
    </FxCompile>
    <FxCompile Include="..\Shaders\01. Thumbnail.fx">
      <Filter>Shaders\Contents</Filter>
    </FxCompile>
    <FxCompile Include="..\Shaders\00. ShadowMap.fx">
      <Filter>Shaders\Common</Filter>
    </FxCompile>
    <FxCompile Include="..\Shaders\00. SsaoNormalDepth.fx">
      <Filter>Shaders\Common</Filter>
    </FxCompile>
    <FxCompile Include="..\Shaders\00. Ssao.fx">
      <Filter>Shaders\Common</Filter>
    </FxCompile>
    <FxCompile Include="..\Shaders\00. SsaoBlur.fx">
      <Filter>Shaders\Common</Filter>
    </FxCompile>
    <FxCompile Include="..\Shaders\01. Terrain.fx">
      <Filter>Shaders\Contents</Filter>
    </FxCompile>
    <FxCompile Include="..\Shaders\01. Rain.fx">
      <Filter>Shaders\Contents</Filter>
    </FxCompile>
    <FxCompile Include="..\Shaders\01. Fire.fx">
      <Filter>Shaders\Contents</Filter>
    </FxCompile>
  </ItemGroup>
</Project>